// !$*UTF8*$!
{
	archiveVersion = 1;
	classes = {
	};
	objectVersion = 77;
	objects = {

/* Begin PBXBuildFile section */
		03A8E083C1BD83DBB179FC80 /* ProjectsView.swift in Sources */ = {isa = PBXBuildFile; fileRef = 522688FD4371B30E2A9F8886 /* ProjectsView.swift */; };
		07F6CA61E0E9015135A72894 /* RoomEditView.swift in Sources */ = {isa = PBXBuildFile; fileRef = 6C9F38D677865D94AE9C553C /* RoomEditView.swift */; };
		0F73C0EBDD5D3BB857C06F42 /* OnboardingView.swift in Sources */ = {isa = PBXBuildFile; fileRef = 219AEE555DA896EC2E5183CD /* OnboardingView.swift */; };
		1EAC0F86CF1BA3B4B20D6CEE /* SpaceGrotesk.ttf in Resources */ = {isa = PBXBuildFile; fileRef = 98392756859CF05D1BC25AC4 /* SpaceGrotesk.ttf */; };
		23A66242C885D6065A4D5B88 /* NotificationService.swift in Sources */ = {isa = PBXBuildFile; fileRef = 5B3A61D921A268BA6E564C15 /* NotificationService.swift */; };
		24F7062E5CD151F1F1E8FF38 /* Chore.swift in Sources */ = {isa = PBXBuildFile; fileRef = E04FBEF2E363477442D9F287 /* Chore.swift */; };
		2578350AC92A7D718A474008 /* Person.swift in Sources */ = {isa = PBXBuildFile; fileRef = 6FFCB7588636BDE5183391F1 /* Person.swift */; };
		2AC44950CBE874570254587C /* ChorePhoto.swift in Sources */ = {isa = PBXBuildFile; fileRef = 7CF471C884A5AFAE8FE86E9F /* ChorePhoto.swift */; };
		2D86457D7659FD9AE49CE4E2 /* AjetoTheme.swift in Sources */ = {isa = PBXBuildFile; fileRef = 50156BA29EFAE15EAAC60EC5 /* AjetoTheme.swift */; };
		42197D0978513AAB54C529CD /* RoomBadge.swift in Sources */ = {isa = PBXBuildFile; fileRef = F6166918D8F6FE5B44F757C6 /* RoomBadge.swift */; };
		4497CA76E81924D6CD8525BA /* Assets.xcassets in Resources */ = {isa = PBXBuildFile; fileRef = ADD39F4461869D9082D6BE36 /* Assets.xcassets */; };
		465C31BDCAD4CC29F074FDB9 /* ChoreEditView.swift in Sources */ = {isa = PBXBuildFile; fileRef = 33148AE9A11D37B4C16A083A /* ChoreEditView.swift */; };
		4C6B47A7616B5D7723EC0BB2 /* ProjectDetailView.swift in Sources */ = {isa = PBXBuildFile; fileRef = C59C1CFA3BB0C784B7EF1592 /* ProjectDetailView.swift */; };
		4EB2CB41610030E2F256136C /* HankenGrotesk.ttf in Resources */ = {isa = PBXBuildFile; fileRef = 87506B2714CCC9E35AF3CA07 /* HankenGrotesk.ttf */; };
		5212B1577AE2E44B467FEB14 /* PhotoGalleryView.swift in Sources */ = {isa = PBXBuildFile; fileRef = 2E8A7104BD16AFA7777B7F97 /* PhotoGalleryView.swift */; };
		5F57BBAB6CC17CF33C434112 /* PlanningView.swift in Sources */ = {isa = PBXBuildFile; fileRef = 7256C3D5B5F518D24EEAE188 /* PlanningView.swift */; };
		6B6249E4F16731B943B9CA80 /* ProjectEditView.swift in Sources */ = {isa = PBXBuildFile; fileRef = 648601B663492C695CD46E92 /* ProjectEditView.swift */; };
		8918A28B4DC778CE773B96E5 /* PersonsSheetView.swift in Sources */ = {isa = PBXBuildFile; fileRef = ABB8CE762A20C05B621FD9D1 /* PersonsSheetView.swift */; };
		8B8A43F5FD8781F72573C82A /* RootView.swift in Sources */ = {isa = PBXBuildFile; fileRef = A9D6AAAE8C3EBB20A7C49562 /* RootView.swift */; };
		8E27D2B327EC600ABF6674E4 /* BulkShareSheet.swift in Sources */ = {isa = PBXBuildFile; fileRef = 468A1C5A6840368D1B16BF07 /* BulkShareSheet.swift */; };
		92E6F10BD0EEAA843403853D /* Room.swift in Sources */ = {isa = PBXBuildFile; fileRef = 41136B7A16A39902315D75CE /* Room.swift */; };
		930190B23D1DFD6D3068D31A /* Recurrence.swift in Sources */ = {isa = PBXBuildFile; fileRef = FE3F81EFCC38E0F0D8803CC8 /* Recurrence.swift */; };
		9B445343AD35BEAA50F380CD /* ImportChorePreviewView.swift in Sources */ = {isa = PBXBuildFile; fileRef = 3B9EFC235B7DA781999A7801 /* ImportChorePreviewView.swift */; };
		9B6D935076B20626489A7143 /* PhotoStorage.swift in Sources */ = {isa = PBXBuildFile; fileRef = 8E489305DC9140A49604C3F3 /* PhotoStorage.swift */; };
		9B9B068081EBB25F6BEBBAF8 /* AjetoIcon.swift in Sources */ = {isa = PBXBuildFile; fileRef = 98A8080EF61702A541139208 /* AjetoIcon.swift */; };
		9BB69F25F829164B22E9E183 /* ChoreDetailView.swift in Sources */ = {isa = PBXBuildFile; fileRef = 714429899D5E95E32E62D7F7 /* ChoreDetailView.swift */; };
		A15005F1485E4AF64087D767 /* ChoreSnapshot.swift in Sources */ = {isa = PBXBuildFile; fileRef = B2056D3F9CCC50A5AB0E08DA /* ChoreSnapshot.swift */; };
		A2BC5466A376959FC911EC35 /* PersonEditView.swift in Sources */ = {isa = PBXBuildFile; fileRef = DBDAAA3FB30C6E766A514CEB /* PersonEditView.swift */; };
		AE4242C6DA92FA66A46627E3 /* PersonBadge.swift in Sources */ = {isa = PBXBuildFile; fileRef = C2612087C938489DA7B45D60 /* PersonBadge.swift */; };
		AF21FA28F0A9DA532DA47348 /* ChoreListView.swift in Sources */ = {isa = PBXBuildFile; fileRef = B58F9CD9569AAE322F6C2895 /* ChoreListView.swift */; };
		CE7703A5B11D91A10FF73B6B /* ChoreImport.swift in Sources */ = {isa = PBXBuildFile; fileRef = 9B1DC9AAF9C74FC04CF467F6 /* ChoreImport.swift */; };
		D51BF19B69CB47513AF4EEBE /* Project.swift in Sources */ = {isa = PBXBuildFile; fileRef = 439F590295543399019B7760 /* Project.swift */; };
		D757BB8AF16D9CC4A1D1BF95 /* RoomsSheetView.swift in Sources */ = {isa = PBXBuildFile; fileRef = 254C0748C348D9877F4DD173 /* RoomsSheetView.swift */; };
		D9F2C96C76B201750BCFD906 /* Household.swift in Sources */ = {isa = PBXBuildFile; fileRef = CCF4047619F06836806D7FB6 /* Household.swift */; };
		E063C3B895DAAE6C4D29A84E /* AjetoApp.swift in Sources */ = {isa = PBXBuildFile; fileRef = B4BF23108035A6E1C9E8BFC7 /* AjetoApp.swift */; };
		EB50EC5D5AC3ECDD95F608F3 /* DedupMigration.swift in Sources */ = {isa = PBXBuildFile; fileRef = 9CCD16AFEF6AEB968CC69ED2 /* DedupMigration.swift */; };
		F6CA487F2F7D9B4F6CC0EEBC /* CameraPicker.swift in Sources */ = {isa = PBXBuildFile; fileRef = AE9C130A39B38CFB378803EE /* CameraPicker.swift */; };
		F79B9ECB45163F76E4CEB73B /* ChoreExport.swift in Sources */ = {isa = PBXBuildFile; fileRef = 19575A8D890A507E39BD3347 /* ChoreExport.swift */; };
/* End PBXBuildFile section */

/* Begin PBXFileReference section */
		19575A8D890A507E39BD3347 /* ChoreExport.swift */ = {isa = PBXFileReference; lastKnownFileType = sourcecode.swift; path = ChoreExport.swift; sourceTree = "<group>"; };
		219AEE555DA896EC2E5183CD /* OnboardingView.swift */ = {isa = PBXFileReference; lastKnownFileType = sourcecode.swift; path = OnboardingView.swift; sourceTree = "<group>"; };
		254C0748C348D9877F4DD173 /* RoomsSheetView.swift */ = {isa = PBXFileReference; lastKnownFileType = sourcecode.swift; path = RoomsSheetView.swift; sourceTree = "<group>"; };
		2E8A7104BD16AFA7777B7F97 /* PhotoGalleryView.swift */ = {isa = PBXFileReference; lastKnownFileType = sourcecode.swift; path = PhotoGalleryView.swift; sourceTree = "<group>"; };
		33148AE9A11D37B4C16A083A /* ChoreEditView.swift */ = {isa = PBXFileReference; lastKnownFileType = sourcecode.swift; path = ChoreEditView.swift; sourceTree = "<group>"; };
		3B9EFC235B7DA781999A7801 /* ImportChorePreviewView.swift */ = {isa = PBXFileReference; lastKnownFileType = sourcecode.swift; path = ImportChorePreviewView.swift; sourceTree = "<group>"; };
		41136B7A16A39902315D75CE /* Room.swift */ = {isa = PBXFileReference; lastKnownFileType = sourcecode.swift; path = Room.swift; sourceTree = "<group>"; };
		439F590295543399019B7760 /* Project.swift */ = {isa = PBXFileReference; lastKnownFileType = sourcecode.swift; path = Project.swift; sourceTree = "<group>"; };
		468A1C5A6840368D1B16BF07 /* BulkShareSheet.swift */ = {isa = PBXFileReference; lastKnownFileType = sourcecode.swift; path = BulkShareSheet.swift; sourceTree = "<group>"; };
		50156BA29EFAE15EAAC60EC5 /* AjetoTheme.swift */ = {isa = PBXFileReference; lastKnownFileType = sourcecode.swift; path = AjetoTheme.swift; sourceTree = "<group>"; };
		522688FD4371B30E2A9F8886 /* ProjectsView.swift */ = {isa = PBXFileReference; lastKnownFileType = sourcecode.swift; path = ProjectsView.swift; sourceTree = "<group>"; };
		5B3A61D921A268BA6E564C15 /* NotificationService.swift */ = {isa = PBXFileReference; lastKnownFileType = sourcecode.swift; path = NotificationService.swift; sourceTree = "<group>"; };
		648601B663492C695CD46E92 /* ProjectEditView.swift */ = {isa = PBXFileReference; lastKnownFileType = sourcecode.swift; path = ProjectEditView.swift; sourceTree = "<group>"; };
		6C9F38D677865D94AE9C553C /* RoomEditView.swift */ = {isa = PBXFileReference; lastKnownFileType = sourcecode.swift; path = RoomEditView.swift; sourceTree = "<group>"; };
		6D6B3610D950717D94E1B011 /* Ajeto.entitlements */ = {isa = PBXFileReference; lastKnownFileType = text.plist.entitlements; path = Ajeto.entitlements; sourceTree = "<group>"; };
		6FFCB7588636BDE5183391F1 /* Person.swift */ = {isa = PBXFileReference; lastKnownFileType = sourcecode.swift; path = Person.swift; sourceTree = "<group>"; };
		714429899D5E95E32E62D7F7 /* ChoreDetailView.swift */ = {isa = PBXFileReference; lastKnownFileType = sourcecode.swift; path = ChoreDetailView.swift; sourceTree = "<group>"; };
		7256C3D5B5F518D24EEAE188 /* PlanningView.swift */ = {isa = PBXFileReference; lastKnownFileType = sourcecode.swift; path = PlanningView.swift; sourceTree = "<group>"; };
		7CF471C884A5AFAE8FE86E9F /* ChorePhoto.swift */ = {isa = PBXFileReference; lastKnownFileType = sourcecode.swift; path = ChorePhoto.swift; sourceTree = "<group>"; };
		87506B2714CCC9E35AF3CA07 /* HankenGrotesk.ttf */ = {isa = PBXFileReference; lastKnownFileType = file; path = HankenGrotesk.ttf; sourceTree = "<group>"; };
		8E489305DC9140A49604C3F3 /* PhotoStorage.swift */ = {isa = PBXFileReference; lastKnownFileType = sourcecode.swift; path = PhotoStorage.swift; sourceTree = "<group>"; };
		938545DDD0C69EE338DF3AF4 /* Info.plist */ = {isa = PBXFileReference; lastKnownFileType = text.plist; path = Info.plist; sourceTree = "<group>"; };
		98392756859CF05D1BC25AC4 /* SpaceGrotesk.ttf */ = {isa = PBXFileReference; lastKnownFileType = file; path = SpaceGrotesk.ttf; sourceTree = "<group>"; };
		98A8080EF61702A541139208 /* AjetoIcon.swift */ = {isa = PBXFileReference; lastKnownFileType = sourcecode.swift; path = AjetoIcon.swift; sourceTree = "<group>"; };
		9B1DC9AAF9C74FC04CF467F6 /* ChoreImport.swift */ = {isa = PBXFileReference; lastKnownFileType = sourcecode.swift; path = ChoreImport.swift; sourceTree = "<group>"; };
		9CCD16AFEF6AEB968CC69ED2 /* DedupMigration.swift */ = {isa = PBXFileReference; lastKnownFileType = sourcecode.swift; path = DedupMigration.swift; sourceTree = "<group>"; };
		A9D6AAAE8C3EBB20A7C49562 /* RootView.swift */ = {isa = PBXFileReference; lastKnownFileType = sourcecode.swift; path = RootView.swift; sourceTree = "<group>"; };
		ABB8CE762A20C05B621FD9D1 /* PersonsSheetView.swift */ = {isa = PBXFileReference; lastKnownFileType = sourcecode.swift; path = PersonsSheetView.swift; sourceTree = "<group>"; };
		ADD39F4461869D9082D6BE36 /* Assets.xcassets */ = {isa = PBXFileReference; lastKnownFileType = folder.assetcatalog; path = Assets.xcassets; sourceTree = "<group>"; };
		AE9C130A39B38CFB378803EE /* CameraPicker.swift */ = {isa = PBXFileReference; lastKnownFileType = sourcecode.swift; path = CameraPicker.swift; sourceTree = "<group>"; };
		B2056D3F9CCC50A5AB0E08DA /* ChoreSnapshot.swift */ = {isa = PBXFileReference; lastKnownFileType = sourcecode.swift; path = ChoreSnapshot.swift; sourceTree = "<group>"; };
		B4BF23108035A6E1C9E8BFC7 /* AjetoApp.swift */ = {isa = PBXFileReference; lastKnownFileType = sourcecode.swift; path = AjetoApp.swift; sourceTree = "<group>"; };
		B58F9CD9569AAE322F6C2895 /* ChoreListView.swift */ = {isa = PBXFileReference; lastKnownFileType = sourcecode.swift; path = ChoreListView.swift; sourceTree = "<group>"; };
		C148138680B7720D9793C25A /* Ajeto.app */ = {isa = PBXFileReference; explicitFileType = wrapper.application; includeInIndex = 0; path = Ajeto.app; sourceTree = BUILT_PRODUCTS_DIR; };
		C2612087C938489DA7B45D60 /* PersonBadge.swift */ = {isa = PBXFileReference; lastKnownFileType = sourcecode.swift; path = PersonBadge.swift; sourceTree = "<group>"; };
		C59C1CFA3BB0C784B7EF1592 /* ProjectDetailView.swift */ = {isa = PBXFileReference; lastKnownFileType = sourcecode.swift; path = ProjectDetailView.swift; sourceTree = "<group>"; };
		CCF4047619F06836806D7FB6 /* Household.swift */ = {isa = PBXFileReference; lastKnownFileType = sourcecode.swift; path = Household.swift; sourceTree = "<group>"; };
		DBDAAA3FB30C6E766A514CEB /* PersonEditView.swift */ = {isa = PBXFileReference; lastKnownFileType = sourcecode.swift; path = PersonEditView.swift; sourceTree = "<group>"; };
		E04FBEF2E363477442D9F287 /* Chore.swift */ = {isa = PBXFileReference; lastKnownFileType = sourcecode.swift; path = Chore.swift; sourceTree = "<group>"; };
		F6166918D8F6FE5B44F757C6 /* RoomBadge.swift */ = {isa = PBXFileReference; lastKnownFileType = sourcecode.swift; path = RoomBadge.swift; sourceTree = "<group>"; };
		FE3F81EFCC38E0F0D8803CC8 /* Recurrence.swift */ = {isa = PBXFileReference; lastKnownFileType = sourcecode.swift; path = Recurrence.swift; sourceTree = "<group>"; };
/* End PBXFileReference section */

/* Begin PBXGroup section */
		131DFF976EE8912402350C4E /* Views */ = {
			isa = PBXGroup;
			children = (
				468A1C5A6840368D1B16BF07 /* BulkShareSheet.swift */,
				AE9C130A39B38CFB378803EE /* CameraPicker.swift */,
				714429899D5E95E32E62D7F7 /* ChoreDetailView.swift */,
				33148AE9A11D37B4C16A083A /* ChoreEditView.swift */,
				B58F9CD9569AAE322F6C2895 /* ChoreListView.swift */,
				3B9EFC235B7DA781999A7801 /* ImportChorePreviewView.swift */,
				219AEE555DA896EC2E5183CD /* OnboardingView.swift */,
				C2612087C938489DA7B45D60 /* PersonBadge.swift */,
				DBDAAA3FB30C6E766A514CEB /* PersonEditView.swift */,
				ABB8CE762A20C05B621FD9D1 /* PersonsSheetView.swift */,
				2E8A7104BD16AFA7777B7F97 /* PhotoGalleryView.swift */,
				7256C3D5B5F518D24EEAE188 /* PlanningView.swift */,
				C59C1CFA3BB0C784B7EF1592 /* ProjectDetailView.swift */,
				648601B663492C695CD46E92 /* ProjectEditView.swift */,
				522688FD4371B30E2A9F8886 /* ProjectsView.swift */,
				F6166918D8F6FE5B44F757C6 /* RoomBadge.swift */,
				6C9F38D677865D94AE9C553C /* RoomEditView.swift */,
				254C0748C348D9877F4DD173 /* RoomsSheetView.swift */,
				A9D6AAAE8C3EBB20A7C49562 /* RootView.swift */,
			);
			path = Views;
			sourceTree = "<group>";
		};
		2CDBAA6740E0CDEB6428FBDC = {
			isa = PBXGroup;
			children = (
				8CE2E720C286C90D46F81C2B /* Ajeto */,
				379B7170FF6FEC28E65598F3 /* Products */,
			);
			sourceTree = "<group>";
		};
		379B7170FF6FEC28E65598F3 /* Products */ = {
			isa = PBXGroup;
			children = (
				C148138680B7720D9793C25A /* Ajeto.app */,
			);
			name = Products;
			sourceTree = "<group>";
		};
		3F56B86216ABDFECB8BA84A7 /* Storage */ = {
			isa = PBXGroup;
			children = (
				9CCD16AFEF6AEB968CC69ED2 /* DedupMigration.swift */,
				5B3A61D921A268BA6E564C15 /* NotificationService.swift */,
				8E489305DC9140A49604C3F3 /* PhotoStorage.swift */,
			);
			path = Storage;
			sourceTree = "<group>";
		};
		8CE2E720C286C90D46F81C2B /* Ajeto */ = {
			isa = PBXGroup;
			children = (
				6D6B3610D950717D94E1B011 /* Ajeto.entitlements */,
				B4BF23108035A6E1C9E8BFC7 /* AjetoApp.swift */,
				ADD39F4461869D9082D6BE36 /* Assets.xcassets */,
				938545DDD0C69EE338DF3AF4 /* Info.plist */,
				BCD99573CEB2E9A342D9F7DB /* Design */,
				D5C92A9C0FF8E356D941A7B5 /* Fonts */,
				D458F4CAD6D5FA189F4C09FE /* Models */,
				FD276DE652CD6563DB0BE23B /* Sharing */,
				3F56B86216ABDFECB8BA84A7 /* Storage */,
				131DFF976EE8912402350C4E /* Views */,
			);
			path = Ajeto;
			sourceTree = "<group>";
		};
		BCD99573CEB2E9A342D9F7DB /* Design */ = {
			isa = PBXGroup;
			children = (
				98A8080EF61702A541139208 /* AjetoIcon.swift */,
				50156BA29EFAE15EAAC60EC5 /* AjetoTheme.swift */,
			);
			path = Design;
			sourceTree = "<group>";
		};
		D458F4CAD6D5FA189F4C09FE /* Models */ = {
			isa = PBXGroup;
			children = (
				E04FBEF2E363477442D9F287 /* Chore.swift */,
				7CF471C884A5AFAE8FE86E9F /* ChorePhoto.swift */,
				CCF4047619F06836806D7FB6 /* Household.swift */,
				6FFCB7588636BDE5183391F1 /* Person.swift */,
				439F590295543399019B7760 /* Project.swift */,
				FE3F81EFCC38E0F0D8803CC8 /* Recurrence.swift */,
				41136B7A16A39902315D75CE /* Room.swift */,
			);
			path = Models;
			sourceTree = "<group>";
		};
		D5C92A9C0FF8E356D941A7B5 /* Fonts */ = {
			isa = PBXGroup;
			children = (
				87506B2714CCC9E35AF3CA07 /* HankenGrotesk.ttf */,
				98392756859CF05D1BC25AC4 /* SpaceGrotesk.ttf */,
			);
			path = Fonts;
			sourceTree = "<group>";
		};
		FD276DE652CD6563DB0BE23B /* Sharing */ = {
			isa = PBXGroup;
			children = (
				19575A8D890A507E39BD3347 /* ChoreExport.swift */,
				9B1DC9AAF9C74FC04CF467F6 /* ChoreImport.swift */,
				B2056D3F9CCC50A5AB0E08DA /* ChoreSnapshot.swift */,
			);
			path = Sharing;
			sourceTree = "<group>";
		};
/* End PBXGroup section */

/* Begin PBXNativeTarget section */
		6C5E72E8A7FC9399EE762874 /* Ajeto */ = {
			isa = PBXNativeTarget;
			buildConfigurationList = 888C08D065D67406CFEDE59B /* Build configuration list for PBXNativeTarget "Ajeto" */;
			buildPhases = (
				44D1278CD4D4F4A692325DCF /* Sources */,
				213C123E8CBA07011E63E128 /* Resources */,
			);
			buildRules = (
			);
			dependencies = (
			);
			name = Ajeto;
			packageProductDependencies = (
			);
			productName = Ajeto;
			productReference = C148138680B7720D9793C25A /* Ajeto.app */;
			productType = "com.apple.product-type.application";
		};
/* End PBXNativeTarget section */

/* Begin PBXProject section */
		1D65996B20885DA0DBC8F999 /* Project object */ = {
			isa = PBXProject;
			attributes = {
				BuildIndependentTargetsInParallel = YES;
				LastUpgradeCheck = 1430;
				TargetAttributes = {
					6C5E72E8A7FC9399EE762874 = {
						ProvisioningStyle = Automatic;
					};
				};
			};
			buildConfigurationList = E00FA36447F4E9A51081D730 /* Build configuration list for PBXProject "Ajeto" */;
			developmentRegion = en;
			hasScannedForEncodings = 0;
			knownRegions = (
				Base,
				en,
			);
			mainGroup = 2CDBAA6740E0CDEB6428FBDC;
			minimizedProjectReferenceProxies = 1;
			preferredProjectObjectVersion = 77;
			productRefGroup = 379B7170FF6FEC28E65598F3 /* Products */;
			projectDirPath = "";
			projectRoot = "";
			targets = (
				6C5E72E8A7FC9399EE762874 /* Ajeto */,
			);
		};
/* End PBXProject section */

/* Begin PBXResourcesBuildPhase section */
		213C123E8CBA07011E63E128 /* Resources */ = {
			isa = PBXResourcesBuildPhase;
			buildActionMask = 2147483647;
			files = (
				4497CA76E81924D6CD8525BA /* Assets.xcassets in Resources */,
				4EB2CB41610030E2F256136C /* HankenGrotesk.ttf in Resources */,
				1EAC0F86CF1BA3B4B20D6CEE /* SpaceGrotesk.ttf in Resources */,
			);
			runOnlyForDeploymentPostprocessing = 0;
		};
/* End PBXResourcesBuildPhase section */

/* Begin PBXSourcesBuildPhase section */
		44D1278CD4D4F4A692325DCF /* Sources */ = {
			isa = PBXSourcesBuildPhase;
			buildActionMask = 2147483647;
			files = (
				E063C3B895DAAE6C4D29A84E /* AjetoApp.swift in Sources */,
				9B9B068081EBB25F6BEBBAF8 /* AjetoIcon.swift in Sources */,
				2D86457D7659FD9AE49CE4E2 /* AjetoTheme.swift in Sources */,
				8E27D2B327EC600ABF6674E4 /* BulkShareSheet.swift in Sources */,
				F6CA487F2F7D9B4F6CC0EEBC /* CameraPicker.swift in Sources */,
				24F7062E5CD151F1F1E8FF38 /* Chore.swift in Sources */,
				9BB69F25F829164B22E9E183 /* ChoreDetailView.swift in Sources */,
				465C31BDCAD4CC29F074FDB9 /* ChoreEditView.swift in Sources */,
				F79B9ECB45163F76E4CEB73B /* ChoreExport.swift in Sources */,
				CE7703A5B11D91A10FF73B6B /* ChoreImport.swift in Sources */,
				AF21FA28F0A9DA532DA47348 /* ChoreListView.swift in Sources */,
				2AC44950CBE874570254587C /* ChorePhoto.swift in Sources */,
				A15005F1485E4AF64087D767 /* ChoreSnapshot.swift in Sources */,
				EB50EC5D5AC3ECDD95F608F3 /* DedupMigration.swift in Sources */,
				D9F2C96C76B201750BCFD906 /* Household.swift in Sources */,
				9B445343AD35BEAA50F380CD /* ImportChorePreviewView.swift in Sources */,
				23A66242C885D6065A4D5B88 /* NotificationService.swift in Sources */,
				0F73C0EBDD5D3BB857C06F42 /* OnboardingView.swift in Sources */,
				2578350AC92A7D718A474008 /* Person.swift in Sources */,
				AE4242C6DA92FA66A46627E3 /* PersonBadge.swift in Sources */,
				A2BC5466A376959FC911EC35 /* PersonEditView.swift in Sources */,
				8918A28B4DC778CE773B96E5 /* PersonsSheetView.swift in Sources */,
				5212B1577AE2E44B467FEB14 /* PhotoGalleryView.swift in Sources */,
				9B6D935076B20626489A7143 /* PhotoStorage.swift in Sources */,
				5F57BBAB6CC17CF33C434112 /* PlanningView.swift in Sources */,
				D51BF19B69CB47513AF4EEBE /* Project.swift in Sources */,
				4C6B47A7616B5D7723EC0BB2 /* ProjectDetailView.swift in Sources */,
				6B6249E4F16731B943B9CA80 /* ProjectEditView.swift in Sources */,
				03A8E083C1BD83DBB179FC80 /* ProjectsView.swift in Sources */,
				930190B23D1DFD6D3068D31A /* Recurrence.swift in Sources */,
				92E6F10BD0EEAA843403853D /* Room.swift in Sources */,
				42197D0978513AAB54C529CD /* RoomBadge.swift in Sources */,
				07F6CA61E0E9015135A72894 /* RoomEditView.swift in Sources */,
				D757BB8AF16D9CC4A1D1BF95 /* RoomsSheetView.swift in Sources */,
				8B8A43F5FD8781F72573C82A /* RootView.swift in Sources */,
			);
			runOnlyForDeploymentPostprocessing = 0;
		};
/* End PBXSourcesBuildPhase section */

/* Begin XCBuildConfiguration section */
		07A1BAFBED9826677129B2B2 /* Release */ = {
			isa = XCBuildConfiguration;
			buildSettings = {
				ALWAYS_SEARCH_USER_PATHS = NO;
				CLANG_ANALYZER_NONNULL = YES;
				CLANG_ANALYZER_NUMBER_OBJECT_CONVERSION = YES_AGGRESSIVE;
				CLANG_CXX_LANGUAGE_STANDARD = "gnu++14";
				CLANG_CXX_LIBRARY = "libc++";
				CLANG_ENABLE_MODULES = YES;
				CLANG_ENABLE_OBJC_ARC = YES;
				CLANG_ENABLE_OBJC_WEAK = YES;
				CLANG_WARN_BLOCK_CAPTURE_AUTORELEASING = YES;
				CLANG_WARN_BOOL_CONVERSION = YES;
				CLANG_WARN_COMMA = YES;
				CLANG_WARN_CONSTANT_CONVERSION = YES;
				CLANG_WARN_DEPRECATED_OBJC_IMPLEMENTATIONS = YES;
				CLANG_WARN_DIRECT_OBJC_ISA_USAGE = YES_ERROR;
				CLANG_WARN_DOCUMENTATION_COMMENTS = YES;
				CLANG_WARN_EMPTY_BODY = YES;
				CLANG_WARN_ENUM_CONVERSION = YES;
				CLANG_WARN_INFINITE_RECURSION = YES;
				CLANG_WARN_INT_CONVERSION = YES;
				CLANG_WARN_NON_LITERAL_NULL_CONVERSION = YES;
				CLANG_WARN_OBJC_IMPLICIT_RETAIN_SELF = YES;
				CLANG_WARN_OBJC_LITERAL_CONVERSION = YES;
				CLANG_WARN_OBJC_ROOT_CLASS = YES_ERROR;
				CLANG_WARN_QUOTED_INCLUDE_IN_FRAMEWORK_HEADER = YES;
				CLANG_WARN_RANGE_LOOP_ANALYSIS = YES;
				CLANG_WARN_STRICT_PROTOTYPES = YES;
				CLANG_WARN_SUSPICIOUS_MOVE = YES;
				CLANG_WARN_UNGUARDED_AVAILABILITY = YES_AGGRESSIVE;
				CLANG_WARN_UNREACHABLE_CODE = YES;
				CLANG_WARN__DUPLICATE_METHOD_MATCH = YES;
				COPY_PHASE_STRIP = NO;
				CURRENT_PROJECT_VERSION = 1;
				DEBUG_INFORMATION_FORMAT = "dwarf-with-dsym";
				ENABLE_NS_ASSERTIONS = NO;
				ENABLE_STRICT_OBJC_MSGSEND = YES;
				ENABLE_USER_SCRIPT_SANDBOXING = YES;
				GCC_C_LANGUAGE_STANDARD = gnu11;
				GCC_NO_COMMON_BLOCKS = YES;
				GCC_WARN_64_TO_32_BIT_CONVERSION = YES;
				GCC_WARN_ABOUT_RETURN_TYPE = YES_ERROR;
				GCC_WARN_UNDECLARED_SELECTOR = YES;
				GCC_WARN_UNINITIALIZED_AUTOS = YES_AGGRESSIVE;
				GCC_WARN_UNUSED_FUNCTION = YES;
				GCC_WARN_UNUSED_VARIABLE = YES;
				IPHONEOS_DEPLOYMENT_TARGET = 17.0;
				MARKETING_VERSION = 0.1.0;
				MTL_ENABLE_DEBUG_INFO = NO;
				MTL_FAST_MATH = YES;
				PRODUCT_NAME = "$(TARGET_NAME)";
				SDKROOT = iphoneos;
				SWIFT_COMPILATION_MODE = wholemodule;
				SWIFT_OPTIMIZATION_LEVEL = "-O";
				SWIFT_STRICT_CONCURRENCY = minimal;
				SWIFT_VERSION = 5.10;
			};
			name = Release;
		};
		1E15779999F1A02025CF1C74 /* Release */ = {
			isa = XCBuildConfiguration;
			buildSettings = {
				ASSETCATALOG_COMPILER_APPICON_NAME = AppIcon;
				ASSETCATALOG_COMPILER_GLOBAL_ACCENT_COLOR_NAME = AccentColor;
				CODE_SIGNING_ALLOWED = YES;
				CODE_SIGN_ENTITLEMENTS = Ajeto/Ajeto.entitlements;
				CODE_SIGN_IDENTITY = "Apple Development";
				CODE_SIGN_STYLE = Automatic;
				DEVELOPMENT_TEAM = R3S6B9CNU9;
				ENABLE_PREVIEWS = YES;
				GENERATE_INFOPLIST_FILE = NO;
				INFOPLIST_FILE = Ajeto/Info.plist;
				LD_RUNPATH_SEARCH_PATHS = (
					"$(inherited)",
					"@executable_path/Frameworks",
				);
				PRODUCT_BUNDLE_IDENTIFIER = nl.tomderoos.Ajeto;
				PRODUCT_NAME = Ajeto;
				SDKROOT = iphoneos;
				SUPPORTS_MACCATALYST = NO;
				TARGETED_DEVICE_FAMILY = "1,2";
			};
			name = Release;
		};
		8BEC390BE6C1AA3EC0BA5412 /* Debug */ = {
			isa = XCBuildConfiguration;
			buildSettings = {
				ALWAYS_SEARCH_USER_PATHS = NO;
				CLANG_ANALYZER_NONNULL = YES;
				CLANG_ANALYZER_NUMBER_OBJECT_CONVERSION = YES_AGGRESSIVE;
				CLANG_CXX_LANGUAGE_STANDARD = "gnu++14";
				CLANG_CXX_LIBRARY = "libc++";
				CLANG_ENABLE_MODULES = YES;
				CLANG_ENABLE_OBJC_ARC = YES;
				CLANG_ENABLE_OBJC_WEAK = YES;
				CLANG_WARN_BLOCK_CAPTURE_AUTORELEASING = YES;
				CLANG_WARN_BOOL_CONVERSION = YES;
				CLANG_WARN_COMMA = YES;
				CLANG_WARN_CONSTANT_CONVERSION = YES;
				CLANG_WARN_DEPRECATED_OBJC_IMPLEMENTATIONS = YES;
				CLANG_WARN_DIRECT_OBJC_ISA_USAGE = YES_ERROR;
				CLANG_WARN_DOCUMENTATION_COMMENTS = YES;
				CLANG_WARN_EMPTY_BODY = YES;
				CLANG_WARN_ENUM_CONVERSION = YES;
				CLANG_WARN_INFINITE_RECURSION = YES;
				CLANG_WARN_INT_CONVERSION = YES;
				CLANG_WARN_NON_LITERAL_NULL_CONVERSION = YES;
				CLANG_WARN_OBJC_IMPLICIT_RETAIN_SELF = YES;
				CLANG_WARN_OBJC_LITERAL_CONVERSION = YES;
				CLANG_WARN_OBJC_ROOT_CLASS = YES_ERROR;
				CLANG_WARN_QUOTED_INCLUDE_IN_FRAMEWORK_HEADER = YES;
				CLANG_WARN_RANGE_LOOP_ANALYSIS = YES;
				CLANG_WARN_STRICT_PROTOTYPES = YES;
				CLANG_WARN_SUSPICIOUS_MOVE = YES;
				CLANG_WARN_UNGUARDED_AVAILABILITY = YES_AGGRESSIVE;
				CLANG_WARN_UNREACHABLE_CODE = YES;
				CLANG_WARN__DUPLICATE_METHOD_MATCH = YES;
				COPY_PHASE_STRIP = NO;
				CURRENT_PROJECT_VERSION = 1;
				DEBUG_INFORMATION_FORMAT = dwarf;
				ENABLE_STRICT_OBJC_MSGSEND = YES;
				ENABLE_TESTABILITY = YES;
				ENABLE_USER_SCRIPT_SANDBOXING = YES;
				GCC_C_LANGUAGE_STANDARD = gnu11;
				GCC_DYNAMIC_NO_PIC = NO;
				GCC_NO_COMMON_BLOCKS = YES;
				GCC_OPTIMIZATION_LEVEL = 0;
				GCC_PREPROCESSOR_DEFINITIONS = (
					"$(inherited)",
					"DEBUG=1",
				);
				GCC_WARN_64_TO_32_BIT_CONVERSION = YES;
				GCC_WARN_ABOUT_RETURN_TYPE = YES_ERROR;
				GCC_WARN_UNDECLARED_SELECTOR = YES;
				GCC_WARN_UNINITIALIZED_AUTOS = YES_AGGRESSIVE;
				GCC_WARN_UNUSED_FUNCTION = YES;
				GCC_WARN_UNUSED_VARIABLE = YES;
				IPHONEOS_DEPLOYMENT_TARGET = 17.0;
				MARKETING_VERSION = 0.1.0;
				MTL_ENABLE_DEBUG_INFO = INCLUDE_SOURCE;
				MTL_FAST_MATH = YES;
				ONLY_ACTIVE_ARCH = YES;
				PRODUCT_NAME = "$(TARGET_NAME)";
				SDKROOT = iphoneos;
				SWIFT_ACTIVE_COMPILATION_CONDITIONS = DEBUG;
				SWIFT_OPTIMIZATION_LEVEL = "-Onone";
				SWIFT_STRICT_CONCURRENCY = minimal;
				SWIFT_VERSION = 5.10;
			};
			name = Debug;
		};
		947BB6CF36DA92EC07E2128F /* Debug */ = {
			isa = XCBuildConfiguration;
			buildSettings = {
				ASSETCATALOG_COMPILER_APPICON_NAME = AppIcon;
				ASSETCATALOG_COMPILER_GLOBAL_ACCENT_COLOR_NAME = AccentColor;
				CODE_SIGNING_ALLOWED = YES;
				CODE_SIGN_ENTITLEMENTS = Ajeto/Ajeto.entitlements;
				CODE_SIGN_IDENTITY = "Apple Development";
				CODE_SIGN_STYLE = Automatic;
				DEVELOPMENT_TEAM = R3S6B9CNU9;
				ENABLE_PREVIEWS = YES;
				GENERATE_INFOPLIST_FILE = NO;
				INFOPLIST_FILE = Ajeto/Info.plist;
				LD_RUNPATH_SEARCH_PATHS = (
					"$(inherited)",
					"@executable_path/Frameworks",
				);
				PRODUCT_BUNDLE_IDENTIFIER = nl.tomderoos.Ajeto;
				PRODUCT_NAME = Ajeto;
				SDKROOT = iphoneos;
				SUPPORTS_MACCATALYST = NO;
				TARGETED_DEVICE_FAMILY = "1,2";
			};
			name = Debug;
		};
/* End XCBuildConfiguration section */

/* Begin XCConfigurationList section */
		888C08D065D67406CFEDE59B /* Build configuration list for PBXNativeTarget "Ajeto" */ = {
			isa = XCConfigurationList;
			buildConfigurations = (
				947BB6CF36DA92EC07E2128F /* Debug */,
				1E15779999F1A02025CF1C74 /* Release */,
			);
			defaultConfigurationIsVisible = 0;
			defaultConfigurationName = Debug;
		};
		E00FA36447F4E9A51081D730 /* Build configuration list for PBXProject "Ajeto" */ = {
			isa = XCConfigurationList;
			buildConfigurations = (
				8BEC390BE6C1AA3EC0BA5412 /* Debug */,
				07A1BAFBED9826677129B2B2 /* Release */,
			);
			defaultConfigurationIsVisible = 0;
			defaultConfigurationName = Debug;
		};
/* End XCConfigurationList section */
	};
	rootObject = 1D65996B20885DA0DBC8F999 /* Project object */;
}
